
Microsoft Visual Studio Solution File, Format Version 12.00
# Visual Studio 15
VisualStudioVersion = 15.0.27004.2005
MinimumVisualStudioVersion = 10.0.40219.1
Project("{FAE04EC0-301F-11D3-BF4B-00C04F79EFBC}") = "MovieApp", "MovieApp\MovieApp.csproj", "{2B938CFC-F596-41F4-8C32-D2D1B8F568C8}"
EndProject
Global
	GlobalSection(SolutionConfigurationPlatforms) = preSolution
		Debug|Any CPU = Debug|Any CPU
		Release|Any CPU = Release|Any CPU
	EndGlobalSection
	GlobalSection(ProjectConfigurationPlatforms) = postSolution
		{2B938CFC-F596-41F4-8C32-D2D1B8F568C8}.Debug|Any CPU.ActiveCfg = Debug|Any CPU
		{2B938CFC-F596-41F4-8C32-D2D1B8F568C8}.Debug|Any CPU.Build.0 = Debug|Any CPU
		{2B938CFC-F596-41F4-8C32-D2D1B8F568C8}.Release|Any CPU.ActiveCfg = Release|Any CPU
		{2B938CFC-F596-41F4-8C32-D2D1B8F568C8}.Release|Any CPU.Build.0 = Release|Any CPU
	EndGlobalSection
	GlobalSection(SolutionProperties) = preSolution
		HideSolutionNode = FALSE
	EndGlobalSection
	GlobalSection(ExtensibilityGlobals) = postSolution
		SolutionGuid = {1BDE2207-2133-4674-B38C-68E1A9A97473}
	EndGlobalSection
EndGlobal
